
Microsoft Visual Studio Solution File, Format Version 12.00
# Visual Studio Version 16
VisualStudioVersion = 16.0.32510.428
MinimumVisualStudioVersion = 10.0.40219.1
Project("{FAE04EC0-301F-11D3-BF4B-00C04F79EFBC}") = "HealthClinic", "HealthClinic\HealthClinic.csproj", "{1324171D-1097-480C-93D7-4C119C2A73E0}"
EndProject
Global
	GlobalSection(SolutionConfigurationPlatforms) = preSolution
		Debug|Any CPU = Debug|Any CPU
		Release|Any CPU = Release|Any CPU
	EndGlobalSection
	GlobalSection(ProjectConfigurationPlatforms) = postSolution
		{1324171D-1097-480C-93D7-4C119C2A73E0}.Debug|Any CPU.ActiveCfg = Debug|Any CPU
		{1324171D-1097-480C-93D7-4C119C2A73E0}.Debug|Any CPU.Build.0 = Debug|Any CPU
		{1324171D-1097-480C-93D7-4C119C2A73E0}.Release|Any CPU.ActiveCfg = Release|Any CPU
		{1324171D-1097-480C-93D7-4C119C2A73E0}.Release|Any CPU.Build.0 = Release|Any CPU
	EndGlobalSection
	GlobalSection(SolutionProperties) = preSolution
		HideSolutionNode = FALSE
	EndGlobalSection
	GlobalSection(ExtensibilityGlobals) = postSolution
		SolutionGuid = {02E59E46-294A-4975-8062-4D8CA165755C}
	EndGlobalSection
EndGlobal
